{
  "name": "pi-stream-deck",
  "version": "0.0.1",
  "lockfileVersion": 3,
  "requires": true,
  "packages": {
    "": {
      "name": "pi-stream-deck",
      "version": "0.0.1",
      "license": "MIT",
      "peerDependencies": {
        "@earendil-works/pi-coding-agent": "*"
      },
      "peerDependenciesMeta": {
        "@earendil-works/pi-coding-agent": {
          "optional": true
        }
      }
    }
  }
}
